
Microsoft Visual Studio Solution File, Format Version 12.00
# Visual Studio 15
VisualStudioVersion = 15.0.27130.2036
MinimumVisualStudioVersion = 10.0.40219.1
Project("{FAE04EC0-301F-11D3-BF4B-00C04F79EFBC}") = "Autoværksted", "Autoværksted\Autoværksted.csproj", "{81712CD1-E7C5-446F-BA9B-3D43C750EA12}"
EndProject
Global
	GlobalSection(SolutionConfigurationPlatforms) = preSolution
		Debug|Any CPU = Debug|Any CPU
		Release|Any CPU = Release|Any CPU
	EndGlobalSection
	GlobalSection(ProjectConfigurationPlatforms) = postSolution
		{81712CD1-E7C5-446F-BA9B-3D43C750EA12}.Debug|Any CPU.ActiveCfg = Debug|Any CPU
		{81712CD1-E7C5-446F-BA9B-3D43C750EA12}.Debug|Any CPU.Build.0 = Debug|Any CPU
		{81712CD1-E7C5-446F-BA9B-3D43C750EA12}.Release|Any CPU.ActiveCfg = Release|Any CPU
		{81712CD1-E7C5-446F-BA9B-3D43C750EA12}.Release|Any CPU.Build.0 = Release|Any CPU
	EndGlobalSection
	GlobalSection(SolutionProperties) = preSolution
		HideSolutionNode = FALSE
	EndGlobalSection
	GlobalSection(ExtensibilityGlobals) = postSolution
		SolutionGuid = {806820D5-2C8E-4C41-86F4-72E696E1CB0D}
	EndGlobalSection
EndGlobal
